
Microsoft Visual Studio Solution File, Format Version 12.00
# Visual Studio Version 17
VisualStudioVersion = 17.1.32421.90
MinimumVisualStudioVersion = 10.0.40219.1
Project("{9A19103F-16F7-4668-BE54-9A1E7A4F7556}") = "Restaurant2Web", "Restaurant2Web\Restaurant2Web.csproj", "{3ECFCC7B-39BD-4796-B2E5-382D30CC7C31}"
EndProject
Project("{FAE04EC0-301F-11D3-BF4B-00C04F79EFBC}") = "Restaurant.DataAccess", "Restaurant.DataAccess\Restaurant.DataAccess.csproj", "{BFF4F841-8EF0-4844-89C1-32D56C88B5B0}"
EndProject
Project("{FAE04EC0-301F-11D3-BF4B-00C04F79EFBC}") = "Restaurant.Models", "Restaurant.Models\Restaurant.Models.csproj", "{B77826C6-F9BF-4122-BFBF-2942DD98189B}"
EndProject
Project("{FAE04EC0-301F-11D3-BF4B-00C04F79EFBC}") = "Restaurant.Utility", "Restaurant.Utility\Restaurant.Utility.csproj", "{40DE15B1-F42B-48A1-AA21-7AD0A5210D12}"
EndProject
Global
	GlobalSection(SolutionConfigurationPlatforms) = preSolution
		Debug|Any CPU = Debug|Any CPU
		Release|Any CPU = Release|Any CPU
	EndGlobalSection
	GlobalSection(ProjectConfigurationPlatforms) = postSolution
		{3ECFCC7B-39BD-4796-B2E5-382D30CC7C31}.Debug|Any CPU.ActiveCfg = Debug|Any CPU
		{3ECFCC7B-39BD-4796-B2E5-382D30CC7C31}.Debug|Any CPU.Build.0 = Debug|Any CPU
		{3ECFCC7B-39BD-4796-B2E5-382D30CC7C31}.Release|Any CPU.ActiveCfg = Release|Any CPU
		{3ECFCC7B-39BD-4796-B2E5-382D30CC7C31}.Release|Any CPU.Build.0 = Release|Any CPU
		{BFF4F841-8EF0-4844-89C1-32D56C88B5B0}.Debug|Any CPU.ActiveCfg = Debug|Any CPU
		{BFF4F841-8EF0-4844-89C1-32D56C88B5B0}.Debug|Any CPU.Build.0 = Debug|Any CPU
		{BFF4F841-8EF0-4844-89C1-32D56C88B5B0}.Release|Any CPU.ActiveCfg = Release|Any CPU
		{BFF4F841-8EF0-4844-89C1-32D56C88B5B0}.Release|Any CPU.Build.0 = Release|Any CPU
		{B77826C6-F9BF-4122-BFBF-2942DD98189B}.Debug|Any CPU.ActiveCfg = Debug|Any CPU
		{B77826C6-F9BF-4122-BFBF-2942DD98189B}.Debug|Any CPU.Build.0 = Debug|Any CPU
		{B77826C6-F9BF-4122-BFBF-2942DD98189B}.Release|Any CPU.ActiveCfg = Release|Any CPU
		{B77826C6-F9BF-4122-BFBF-2942DD98189B}.Release|Any CPU.Build.0 = Release|Any CPU
		{40DE15B1-F42B-48A1-AA21-7AD0A5210D12}.Debug|Any CPU.ActiveCfg = Debug|Any CPU
		{40DE15B1-F42B-48A1-AA21-7AD0A5210D12}.Debug|Any CPU.Build.0 = Debug|Any CPU
		{40DE15B1-F42B-48A1-AA21-7AD0A5210D12}.Release|Any CPU.ActiveCfg = Release|Any CPU
		{40DE15B1-F42B-48A1-AA21-7AD0A5210D12}.Release|Any CPU.Build.0 = Release|Any CPU
	EndGlobalSection
	GlobalSection(SolutionProperties) = preSolution
		HideSolutionNode = FALSE
	EndGlobalSection
	GlobalSection(ExtensibilityGlobals) = postSolution
		SolutionGuid = {5426D46F-0157-4D13-8677-DF5CDB96DDBB}
	EndGlobalSection
EndGlobal
